
Microsoft Visual Studio Solution File, Format Version 12.00
# Visual Studio 15
VisualStudioVersion = 15.0.28307.779
MinimumVisualStudioVersion = 10.0.40219.1
Project("{FAE04EC0-301F-11D3-BF4B-00C04F79EFBC}") = "WebJob1", "WebJob1\WebJob1.csproj", "{6F186F8B-E543-476A-B0AC-3D2F82AA8892}"
EndProject
Global
	GlobalSection(SolutionConfigurationPlatforms) = preSolution
		Debug|Any CPU = Debug|Any CPU
		Release|Any CPU = Release|Any CPU
	EndGlobalSection
	GlobalSection(ProjectConfigurationPlatforms) = postSolution
		{6F186F8B-E543-476A-B0AC-3D2F82AA8892}.Debug|Any CPU.ActiveCfg = Debug|Any CPU
		{6F186F8B-E543-476A-B0AC-3D2F82AA8892}.Debug|Any CPU.Build.0 = Debug|Any CPU
		{6F186F8B-E543-476A-B0AC-3D2F82AA8892}.Release|Any CPU.ActiveCfg = Release|Any CPU
		{6F186F8B-E543-476A-B0AC-3D2F82AA8892}.Release|Any CPU.Build.0 = Release|Any CPU
	EndGlobalSection
	GlobalSection(SolutionProperties) = preSolution
		HideSolutionNode = FALSE
	EndGlobalSection
	GlobalSection(ExtensibilityGlobals) = postSolution
		SolutionGuid = {17AAAD2B-55F9-450A-A1F3-9F7D1B19D77A}
	EndGlobalSection
EndGlobal
